
Microsoft Visual Studio Solution File, Format Version 12.00
# Visual Studio 15
VisualStudioVersion = 15.0.28307.136
MinimumVisualStudioVersion = 10.0.40219.1
Project("{888888A0-9F3D-457C-B088-3A5042F75D52}") = "niflib", "niflib.pyproj", "{7C73E29B-9EE3-4148-99AD-CD1667C57F6D}"
EndProject
Project("{FAE04EC0-301F-11D3-BF4B-00C04F79EFBC}") = "Ex", "Ex\Ex.csproj", "{46B1A3A7-C18A-42A1-8AE2-B1DC454641DD}"
EndProject
Global
	GlobalSection(SolutionConfigurationPlatforms) = preSolution
		Debug|Any CPU = Debug|Any CPU
		Release|Any CPU = Release|Any CPU
	EndGlobalSection
	GlobalSection(ProjectConfigurationPlatforms) = postSolution
		{7C73E29B-9EE3-4148-99AD-CD1667C57F6D}.Debug|Any CPU.ActiveCfg = Debug|Any CPU
		{7C73E29B-9EE3-4148-99AD-CD1667C57F6D}.Release|Any CPU.ActiveCfg = Release|Any CPU
		{46B1A3A7-C18A-42A1-8AE2-B1DC454641DD}.Debug|Any CPU.ActiveCfg = Debug|Any CPU
		{46B1A3A7-C18A-42A1-8AE2-B1DC454641DD}.Debug|Any CPU.Build.0 = Debug|Any CPU
		{46B1A3A7-C18A-42A1-8AE2-B1DC454641DD}.Release|Any CPU.ActiveCfg = Release|Any CPU
		{46B1A3A7-C18A-42A1-8AE2-B1DC454641DD}.Release|Any CPU.Build.0 = Release|Any CPU
	EndGlobalSection
	GlobalSection(SolutionProperties) = preSolution
		HideSolutionNode = FALSE
	EndGlobalSection
	GlobalSection(ExtensibilityGlobals) = postSolution
		SolutionGuid = {010550E3-47AB-4C06-A4C2-CFC19BFADD88}
	EndGlobalSection
EndGlobal
